
Microsoft Visual Studio Solution File, Format Version 12.00
# Visual Studio Version 16
VisualStudioVersion = 16.0.31727.386
MinimumVisualStudioVersion = 10.0.40219.1
Project("{8BC9CEB8-8B4A-11D0-8D11-00A0C91BC942}") = "PS06_shape_shaobow", "PS06_shape_shaobow\PS06_shape_shaobow.vcxproj", "{26EB0B59-36A6-4596-BCE0-404F691F9719}"
EndProject
Global
	GlobalSection(SolutionConfigurationPlatforms) = preSolution
		Debug|x64 = Debug|x64
		Debug|x86 = Debug|x86
		Release|x64 = Release|x64
		Release|x86 = Release|x86
	EndGlobalSection
	GlobalSection(ProjectConfigurationPlatforms) = postSolution
		{26EB0B59-36A6-4596-BCE0-404F691F9719}.Debug|x64.ActiveCfg = Debug|x64
		{26EB0B59-36A6-4596-BCE0-404F691F9719}.Debug|x64.Build.0 = Debug|x64
		{26EB0B59-36A6-4596-BCE0-404F691F9719}.Debug|x86.ActiveCfg = Debug|Win32
		{26EB0B59-36A6-4596-BCE0-404F691F9719}.Debug|x86.Build.0 = Debug|Win32
		{26EB0B59-36A6-4596-BCE0-404F691F9719}.Release|x64.ActiveCfg = Release|x64
		{26EB0B59-36A6-4596-BCE0-404F691F9719}.Release|x64.Build.0 = Release|x64
		{26EB0B59-36A6-4596-BCE0-404F691F9719}.Release|x86.ActiveCfg = Release|Win32
		{26EB0B59-36A6-4596-BCE0-404F691F9719}.Release|x86.Build.0 = Release|Win32
	EndGlobalSection
	GlobalSection(SolutionProperties) = preSolution
		HideSolutionNode = FALSE
	EndGlobalSection
	GlobalSection(ExtensibilityGlobals) = postSolution
		SolutionGuid = {5DE3214E-5B97-4968-81FA-CA28098E1635}
	EndGlobalSection
EndGlobal
